
Microsoft Visual Studio Solution File, Format Version 12.00
# Visual Studio Version 17
VisualStudioVersion = 17.6.33723.286
MinimumVisualStudioVersion = 10.0.40219.1
Project("{FAE04EC0-301F-11D3-BF4B-00C04F79EFBC}") = "codeFirstNewDatabaseSample", "codeFirstNewDatabaseSample\codeFirstNewDatabaseSample.csproj", "{61DBB2F0-40E7-41C4-BD5C-E090ADAFA013}"
EndProject
Global
	GlobalSection(SolutionConfigurationPlatforms) = preSolution
		Debug|Any CPU = Debug|Any CPU
		Release|Any CPU = Release|Any CPU
	EndGlobalSection
	GlobalSection(ProjectConfigurationPlatforms) = postSolution
		{61DBB2F0-40E7-41C4-BD5C-E090ADAFA013}.Debug|Any CPU.ActiveCfg = Debug|Any CPU
		{61DBB2F0-40E7-41C4-BD5C-E090ADAFA013}.Debug|Any CPU.Build.0 = Debug|Any CPU
		{61DBB2F0-40E7-41C4-BD5C-E090ADAFA013}.Release|Any CPU.ActiveCfg = Release|Any CPU
		{61DBB2F0-40E7-41C4-BD5C-E090ADAFA013}.Release|Any CPU.Build.0 = Release|Any CPU
	EndGlobalSection
	GlobalSection(SolutionProperties) = preSolution
		HideSolutionNode = FALSE
	EndGlobalSection
	GlobalSection(ExtensibilityGlobals) = postSolution
		SolutionGuid = {753CA590-85F2-4B7C-92EE-89C4A8082E21}
	EndGlobalSection
EndGlobal
